
Microsoft Visual Studio Solution File, Format Version 12.00
# Visual Studio 15
VisualStudioVersion = 15.0.28307.329
MinimumVisualStudioVersion = 10.0.40219.1
Project("{FAE04EC0-301F-11D3-BF4B-00C04F79EFBC}") = "MusicPlayerWithDB", "MusicPlayerWithDB\MusicPlayerWithDB.csproj", "{2458A0D7-CDA6-45F6-ACCF-29C99DE3201A}"
EndProject
Global
	GlobalSection(SolutionConfigurationPlatforms) = preSolution
		Debug|Any CPU = Debug|Any CPU
		Release|Any CPU = Release|Any CPU
	EndGlobalSection
	GlobalSection(ProjectConfigurationPlatforms) = postSolution
		{2458A0D7-CDA6-45F6-ACCF-29C99DE3201A}.Debug|Any CPU.ActiveCfg = Debug|Any CPU
		{2458A0D7-CDA6-45F6-ACCF-29C99DE3201A}.Debug|Any CPU.Build.0 = Debug|Any CPU
		{2458A0D7-CDA6-45F6-ACCF-29C99DE3201A}.Release|Any CPU.ActiveCfg = Release|Any CPU
		{2458A0D7-CDA6-45F6-ACCF-29C99DE3201A}.Release|Any CPU.Build.0 = Release|Any CPU
	EndGlobalSection
	GlobalSection(SolutionProperties) = preSolution
		HideSolutionNode = FALSE
	EndGlobalSection
	GlobalSection(ExtensibilityGlobals) = postSolution
		SolutionGuid = {7C02EB3E-9885-4EC8-AE9C-9119AE1B063C}
	EndGlobalSection
EndGlobal
